Microsoft Visual Studio Solution File, Format Version 11.00
# Visual Studio 2008

Project("{BE5C616D-0C07-C60D-6568-18A952AD4800}") = "struis", "Assembly-CSharp.csproj", "{BB808E11-DA5A-99D5-CF75-92DDC2845BF9}"
EndProject
Global
	GlobalSection(SolutionConfigurationPlatforms) = preSolution
		Debug|Any CPU = Debug|Any CPU
		Release|Any CPU = Release|Any CPU
	EndGlobalSection
	GlobalSection(ProjectConfigurationPlatforms) = postSolution
		{BB808E11-DA5A-99D5-CF75-92DDC2845BF9}.Debug|Any CPU.ActiveCfg = Debug|Any CPU
		{BB808E11-DA5A-99D5-CF75-92DDC2845BF9}.Debug|Any CPU.Build.0 = Debug|Any CPU
		{BB808E11-DA5A-99D5-CF75-92DDC2845BF9}.Release|Any CPU.ActiveCfg = Release|Any CPU
		{BB808E11-DA5A-99D5-CF75-92DDC2845BF9}.Release|Any CPU.Build.0 = Release|Any CPU
	EndGlobalSection
	GlobalSection(SolutionProperties) = preSolution
		HideSolutionNode = FALSE
	EndGlobalSection
	GlobalSection(MonoDevelopProperties) = preSolution
		StartupItem = Assembly-CSharp.csproj
	EndGlobalSection
EndGlobal
